
Microsoft Visual Studio Solution File, Format Version 12.00
# Visual Studio Version 16
VisualStudioVersion = 16.0.32002.261
MinimumVisualStudioVersion = 10.0.40219.1
Project("{9A19103F-16F7-4668-BE54-9A1E7A4F7556}") = "MobileAPPMVC", "MobileAPPMVC\MobileAPPMVC.csproj", "{165C3F14-9267-45F2-B604-02F4A0FCA2A6}"
EndProject
Global
	GlobalSection(SolutionConfigurationPlatforms) = preSolution
		Debug|Any CPU = Debug|Any CPU
		Release|Any CPU = Release|Any CPU
	EndGlobalSection
	GlobalSection(ProjectConfigurationPlatforms) = postSolution
		{165C3F14-9267-45F2-B604-02F4A0FCA2A6}.Debug|Any CPU.ActiveCfg = Debug|Any CPU
		{165C3F14-9267-45F2-B604-02F4A0FCA2A6}.Debug|Any CPU.Build.0 = Debug|Any CPU
		{165C3F14-9267-45F2-B604-02F4A0FCA2A6}.Release|Any CPU.ActiveCfg = Release|Any CPU
		{165C3F14-9267-45F2-B604-02F4A0FCA2A6}.Release|Any CPU.Build.0 = Release|Any CPU
	EndGlobalSection
	GlobalSection(SolutionProperties) = preSolution
		HideSolutionNode = FALSE
	EndGlobalSection
	GlobalSection(ExtensibilityGlobals) = postSolution
		SolutionGuid = {5928CB37-3A90-4114-9BE3-FEB176819F31}
	EndGlobalSection
EndGlobal
